
Microsoft Visual Studio Solution File, Format Version 12.00
# Visual Studio Version 17
VisualStudioVersion = 17.11.35222.181
MinimumVisualStudioVersion = 10.0.40219.1
Project("{FAE04EC0-301F-11D3-BF4B-00C04F79EFBC}") = "503275-Muhammad Rendy-ResponsiJuniorProject", "503275-Muhammad Rendy-ResponsiJuniorProject\503275-Muhammad Rendy-ResponsiJuniorProject.csproj", "{3E67C806-9F1E-4C0A-B4B7-5CDEDBF5D717}"
EndProject
Global
	GlobalSection(SolutionConfigurationPlatforms) = preSolution
		Debug|Any CPU = Debug|Any CPU
		Release|Any CPU = Release|Any CPU
	EndGlobalSection
	GlobalSection(ProjectConfigurationPlatforms) = postSolution
		{3E67C806-9F1E-4C0A-B4B7-5CDEDBF5D717}.Debug|Any CPU.ActiveCfg = Debug|Any CPU
		{3E67C806-9F1E-4C0A-B4B7-5CDEDBF5D717}.Debug|Any CPU.Build.0 = Debug|Any CPU
		{3E67C806-9F1E-4C0A-B4B7-5CDEDBF5D717}.Release|Any CPU.ActiveCfg = Release|Any CPU
		{3E67C806-9F1E-4C0A-B4B7-5CDEDBF5D717}.Release|Any CPU.Build.0 = Release|Any CPU
	EndGlobalSection
	GlobalSection(SolutionProperties) = preSolution
		HideSolutionNode = FALSE
	EndGlobalSection
	GlobalSection(ExtensibilityGlobals) = postSolution
		SolutionGuid = {C4EDAD13-3A52-4B82-879E-BA9F404D0F03}
	EndGlobalSection
EndGlobal
